// !$*UTF8*$!
{
	archiveVersion = 1;
	classes = {
	};
	objectVersion = 55;
	objects = {

/* Begin PBXBuildFile section */
		139272BA27B44C1A002C4F09 /* SelectionViewController.swift in Sources */ = {isa = PBXBuildFile; fileRef = 139272B927B44C1A002C4F09 /* SelectionViewController.swift */; };
		5BA21BF627B431F20050ADE1 /* ConversionViewDelegate.swift in Sources */ = {isa = PBXBuildFile; fileRef = 5BA21BF527B431F20050ADE1 /* ConversionViewDelegate.swift */; };
		5BC3A0FB27B2948000613145 /* SelectionView.swift in Sources */ = {isa = PBXBuildFile; fileRef = 5BC3A0FA27B2948000613145 /* SelectionView.swift */; };
		5BC3A0FD27B29C2E00613145 /* SelectionTableViewDataSource.swift in Sources */ = {isa = PBXBuildFile; fileRef = 5BC3A0FC27B29C2E00613145 /* SelectionTableViewDataSource.swift */; };
		5BF74DC427B1E5FC00E60AA4 /* AppDelegate.swift in Sources */ = {isa = PBXBuildFile; fileRef = 5BF74DC327B1E5FC00E60AA4 /* AppDelegate.swift */; };
		5BF74DC627B1E5FC00E60AA4 /* SceneDelegate.swift in Sources */ = {isa = PBXBuildFile; fileRef = 5BF74DC527B1E5FC00E60AA4 /* SceneDelegate.swift */; };
		5BF74DC827B1E5FC00E60AA4 /* ConversionViewController.swift in Sources */ = {isa = PBXBuildFile; fileRef = 5BF74DC727B1E5FC00E60AA4 /* ConversionViewController.swift */; };
		5BF74DCD27B1E5FE00E60AA4 /* Assets.xcassets in Resources */ = {isa = PBXBuildFile; fileRef = 5BF74DCC27B1E5FE00E60AA4 /* Assets.xcassets */; };
		5BF74DD027B1E5FE00E60AA4 /* LaunchScreen.storyboard in Resources */ = {isa = PBXBuildFile; fileRef = 5BF74DCE27B1E5FE00E60AA4 /* LaunchScreen.storyboard */; };
		5BF74DDC27B1E75400E60AA4 /* Coin.swift in Sources */ = {isa = PBXBuildFile; fileRef = 5BF74DDB27B1E75400E60AA4 /* Coin.swift */; };
		5BF74DDE27B1E78900E60AA4 /* CoinRepository.swift in Sources */ = {isa = PBXBuildFile; fileRef = 5BF74DDD27B1E78900E60AA4 /* CoinRepository.swift */; };
		5BF74DE127B1E86E00E60AA4 /* ConversionView.swift in Sources */ = {isa = PBXBuildFile; fileRef = 5BF74DE027B1E86E00E60AA4 /* ConversionView.swift */; };
		5BF74DE527B1E8A800E60AA4 /* ConversionTableViewDataSource.swift in Sources */ = {isa = PBXBuildFile; fileRef = 5BF74DE427B1E8A800E60AA4 /* ConversionTableViewDataSource.swift */; };
/* End PBXBuildFile section */

/* Begin PBXFileReference section */
		139272B927B44C1A002C4F09 /* SelectionViewController.swift */ = {isa = PBXFileReference; lastKnownFileType = sourcecode.swift; path = SelectionViewController.swift; sourceTree = "<group>"; };
		5BA21BF527B431F20050ADE1 /* ConversionViewDelegate.swift */ = {isa = PBXFileReference; lastKnownFileType = sourcecode.swift; path = ConversionViewDelegate.swift; sourceTree = "<group>"; };
		5BC3A0FA27B2948000613145 /* SelectionView.swift */ = {isa = PBXFileReference; lastKnownFileType = sourcecode.swift; path = SelectionView.swift; sourceTree = "<group>"; };
		5BC3A0FC27B29C2E00613145 /* SelectionTableViewDataSource.swift */ = {isa = PBXFileReference; lastKnownFileType = sourcecode.swift; path = SelectionTableViewDataSource.swift; sourceTree = "<group>"; };
		5BF74DC027B1E5FC00E60AA4 /* NeneCoins.app */ = {isa = PBXFileReference; explicitFileType = wrapper.application; includeInIndex = 0; path = NeneCoins.app; sourceTree = BUILT_PRODUCTS_DIR; };
		5BF74DC327B1E5FC00E60AA4 /* AppDelegate.swift */ = {isa = PBXFileReference; lastKnownFileType = sourcecode.swift; path = AppDelegate.swift; sourceTree = "<group>"; };
		5BF74DC527B1E5FC00E60AA4 /* SceneDelegate.swift */ = {isa = PBXFileReference; lastKnownFileType = sourcecode.swift; path = SceneDelegate.swift; sourceTree = "<group>"; };
		5BF74DC727B1E5FC00E60AA4 /* ConversionViewController.swift */ = {isa = PBXFileReference; lastKnownFileType = sourcecode.swift; path = ConversionViewController.swift; sourceTree = "<group>"; };
		5BF74DCC27B1E5FE00E60AA4 /* Assets.xcassets */ = {isa = PBXFileReference; lastKnownFileType = folder.assetcatalog; path = Assets.xcassets; sourceTree = "<group>"; };
		5BF74DCF27B1E5FE00E60AA4 /* Base */ = {isa = PBXFileReference; lastKnownFileType = file.storyboard; name = Base; path = Base.lproj/LaunchScreen.storyboard; sourceTree = "<group>"; };
		5BF74DD127B1E5FE00E60AA4 /* Info.plist */ = {isa = PBXFileReference; lastKnownFileType = text.plist.xml; path = Info.plist; sourceTree = "<group>"; };
		5BF74DDB27B1E75400E60AA4 /* Coin.swift */ = {isa = PBXFileReference; lastKnownFileType = sourcecode.swift; path = Coin.swift; sourceTree = "<group>"; };
		5BF74DDD27B1E78900E60AA4 /* CoinRepository.swift */ = {isa = PBXFileReference; lastKnownFileType = sourcecode.swift; path = CoinRepository.swift; sourceTree = "<group>"; };
		5BF74DE027B1E86E00E60AA4 /* ConversionView.swift */ = {isa = PBXFileReference; lastKnownFileType = sourcecode.swift; path = ConversionView.swift; sourceTree = "<group>"; };
		5BF74DE427B1E8A800E60AA4 /* ConversionTableViewDataSource.swift */ = {isa = PBXFileReference; lastKnownFileType = sourcecode.swift; path = ConversionTableViewDataSource.swift; sourceTree = "<group>"; };
/* End PBXFileReference section */

/* Begin PBXFrameworksBuildPhase section */
		5BF74DBD27B1E5FC00E60AA4 /* Frameworks */ = {
			isa = PBXFrameworksBuildPhase;
			buildActionMask = 2147483647;
			files = (
			);
			runOnlyForDeploymentPostprocessing = 0;
		};
/* End PBXFrameworksBuildPhase section */

/* Begin PBXGroup section */
		5BA21BF427B431E00050ADE1 /* Delegates */ = {
			isa = PBXGroup;
			children = (
				5BA21BF527B431F20050ADE1 /* ConversionViewDelegate.swift */,
			);
			path = Delegates;
			sourceTree = "<group>";
		};
		5BF74DB727B1E5FC00E60AA4 = {
			isa = PBXGroup;
			children = (
				5BF74DC227B1E5FC00E60AA4 /* NeneCoins */,
				5BF74DC127B1E5FC00E60AA4 /* Products */,
			);
			sourceTree = "<group>";
		};
		5BF74DC127B1E5FC00E60AA4 /* Products */ = {
			isa = PBXGroup;
			children = (
				5BF74DC027B1E5FC00E60AA4 /* NeneCoins.app */,
			);
			name = Products;
			sourceTree = "<group>";
		};
		5BF74DC227B1E5FC00E60AA4 /* NeneCoins */ = {
			isa = PBXGroup;
			children = (
				5BA21BF427B431E00050ADE1 /* Delegates */,
				5BF74DD927B1E74100E60AA4 /* Models */,
				5BF74DD827B1E73C00E60AA4 /* Views */,
				5BF74DD727B1E73300E60AA4 /* Controllers */,
				5BF74DC327B1E5FC00E60AA4 /* AppDelegate.swift */,
				5BF74DC527B1E5FC00E60AA4 /* SceneDelegate.swift */,
				5BF74DCC27B1E5FE00E60AA4 /* Assets.xcassets */,
				5BF74DCE27B1E5FE00E60AA4 /* LaunchScreen.storyboard */,
				5BF74DD127B1E5FE00E60AA4 /* Info.plist */,
			);
			path = NeneCoins;
			sourceTree = "<group>";
		};
		5BF74DD727B1E73300E60AA4 /* Controllers */ = {
			isa = PBXGroup;
			children = (
				5BF74DE327B1E89100E60AA4 /* Datasources */,
				5BF74DE227B1E88800E60AA4 /* ViewControllers */,
			);
			path = Controllers;
			sourceTree = "<group>";
		};
		5BF74DD827B1E73C00E60AA4 /* Views */ = {
			isa = PBXGroup;
			children = (
				5BF74DE027B1E86E00E60AA4 /* ConversionView.swift */,
				5BC3A0FA27B2948000613145 /* SelectionView.swift */,
			);
			path = Views;
			sourceTree = "<group>";
		};
		5BF74DD927B1E74100E60AA4 /* Models */ = {
			isa = PBXGroup;
			children = (
				5BF74DDF27B1E78C00E60AA4 /* Repository */,
				5BF74DDA27B1E74900E60AA4 /* Entities */,
			);
			path = Models;
			sourceTree = "<group>";
		};
		5BF74DDA27B1E74900E60AA4 /* Entities */ = {
			isa = PBXGroup;
			children = (
				5BF74DDB27B1E75400E60AA4 /* Coin.swift */,
			);
			path = Entities;
			sourceTree = "<group>";
		};
		5BF74DDF27B1E78C00E60AA4 /* Repository */ = {
			isa = PBXGroup;
			children = (
				5BF74DDD27B1E78900E60AA4 /* CoinRepository.swift */,
			);
			path = Repository;
			sourceTree = "<group>";
		};
		5BF74DE227B1E88800E60AA4 /* ViewControllers */ = {
			isa = PBXGroup;
			children = (
				5BF74DC727B1E5FC00E60AA4 /* ConversionViewController.swift */,
				139272B927B44C1A002C4F09 /* SelectionViewController.swift */,
			);
			path = ViewControllers;
			sourceTree = "<group>";
		};
		5BF74DE327B1E89100E60AA4 /* Datasources */ = {
			isa = PBXGroup;
			children = (
				5BF74DE427B1E8A800E60AA4 /* ConversionTableViewDataSource.swift */,
				5BC3A0FC27B29C2E00613145 /* SelectionTableViewDataSource.swift */,
			);
			path = Datasources;
			sourceTree = "<group>";
		};
/* End PBXGroup section */

/* Begin PBXNativeTarget section */
		5BF74DBF27B1E5FC00E60AA4 /* NeneCoins */ = {
			isa = PBXNativeTarget;
			buildConfigurationList = 5BF74DD427B1E5FE00E60AA4 /* Build configuration list for PBXNativeTarget "NeneCoins" */;
			buildPhases = (
				5BF74DBC27B1E5FC00E60AA4 /* Sources */,
				5BF74DBD27B1E5FC00E60AA4 /* Frameworks */,
				5BF74DBE27B1E5FC00E60AA4 /* Resources */,
			);
			buildRules = (
			);
			dependencies = (
			);
			name = NeneCoins;
			productName = NeneCoins;
			productReference = 5BF74DC027B1E5FC00E60AA4 /* NeneCoins.app */;
			productType = "com.apple.product-type.application";
		};
/* End PBXNativeTarget section */

/* Begin PBXProject section */
		5BF74DB827B1E5FC00E60AA4 /* Project object */ = {
			isa = PBXProject;
			attributes = {
				BuildIndependentTargetsInParallel = 1;
				LastSwiftUpdateCheck = 1320;
				LastUpgradeCheck = 1320;
				TargetAttributes = {
					5BF74DBF27B1E5FC00E60AA4 = {
						CreatedOnToolsVersion = 13.2.1;
					};
				};
			};
			buildConfigurationList = 5BF74DBB27B1E5FC00E60AA4 /* Build configuration list for PBXProject "NeneCoins" */;
			compatibilityVersion = "Xcode 13.0";
			developmentRegion = en;
			hasScannedForEncodings = 0;
			knownRegions = (
				en,
				Base,
			);
			mainGroup = 5BF74DB727B1E5FC00E60AA4;
			productRefGroup = 5BF74DC127B1E5FC00E60AA4 /* Products */;
			projectDirPath = "";
			projectRoot = "";
			targets = (
				5BF74DBF27B1E5FC00E60AA4 /* NeneCoins */,
			);
		};
/* End PBXProject section */

/* Begin PBXResourcesBuildPhase section */
		5BF74DBE27B1E5FC00E60AA4 /* Resources */ = {
			isa = PBXResourcesBuildPhase;
			buildActionMask = 2147483647;
			files = (
				5BF74DD027B1E5FE00E60AA4 /* LaunchScreen.storyboard in Resources */,
				5BF74DCD27B1E5FE00E60AA4 /* Assets.xcassets in Resources */,
			);
			runOnlyForDeploymentPostprocessing = 0;
		};
/* End PBXResourcesBuildPhase section */

/* Begin PBXSourcesBuildPhase section */
		5BF74DBC27B1E5FC00E60AA4 /* Sources */ = {
			isa = PBXSourcesBuildPhase;
			buildActionMask = 2147483647;
			files = (
				5BF74DE127B1E86E00E60AA4 /* ConversionView.swift in Sources */,
				5BF74DC827B1E5FC00E60AA4 /* ConversionViewController.swift in Sources */,
				5BF74DC427B1E5FC00E60AA4 /* AppDelegate.swift in Sources */,
				5BF74DDE27B1E78900E60AA4 /* CoinRepository.swift in Sources */,
				5BF74DDC27B1E75400E60AA4 /* Coin.swift in Sources */,
				139272BA27B44C1A002C4F09 /* SelectionViewController.swift in Sources */,
				5BF74DE527B1E8A800E60AA4 /* ConversionTableViewDataSource.swift in Sources */,
				5BF74DC627B1E5FC00E60AA4 /* SceneDelegate.swift in Sources */,
				5BC3A0FD27B29C2E00613145 /* SelectionTableViewDataSource.swift in Sources */,
				5BC3A0FB27B2948000613145 /* SelectionView.swift in Sources */,
				5BA21BF627B431F20050ADE1 /* ConversionViewDelegate.swift in Sources */,
			);
			runOnlyForDeploymentPostprocessing = 0;
		};
/* End PBXSourcesBuildPhase section */

/* Begin PBXVariantGroup section */
		5BF74DCE27B1E5FE00E60AA4 /* LaunchScreen.storyboard */ = {
			isa = PBXVariantGroup;
			children = (
				5BF74DCF27B1E5FE00E60AA4 /* Base */,
			);
			name = LaunchScreen.storyboard;
			sourceTree = "<group>";
		};
/* End PBXVariantGroup section */

/* Begin XCBuildConfiguration section */
		5BF74DD227B1E5FE00E60AA4 /* Debug */ = {
			isa = XCBuildConfiguration;
			buildSettings = {
				ALWAYS_SEARCH_USER_PATHS = NO;
				CLANG_ANALYZER_NONNULL = YES;
				CLANG_ANALYZER_NUMBER_OBJECT_CONVERSION = YES_AGGRESSIVE;
				CLANG_CXX_LANGUAGE_STANDARD = "gnu++17";
				CLANG_CXX_LIBRARY = "libc++";
				CLANG_ENABLE_MODULES = YES;
				CLANG_ENABLE_OBJC_ARC = YES;
				CLANG_ENABLE_OBJC_WEAK = YES;
				CLANG_WARN_BLOCK_CAPTURE_AUTORELEASING = YES;
				CLANG_WARN_BOOL_CONVERSION = YES;
				CLANG_WARN_COMMA = YES;
				CLANG_WARN_CONSTANT_CONVERSION = YES;
				CLANG_WARN_DEPRECATED_OBJC_IMPLEMENTATIONS = YES;
				CLANG_WARN_DIRECT_OBJC_ISA_USAGE = YES_ERROR;
				CLANG_WARN_DOCUMENTATION_COMMENTS = YES;
				CLANG_WARN_EMPTY_BODY = YES;
				CLANG_WARN_ENUM_CONVERSION = YES;
				CLANG_WARN_INFINITE_RECURSION = YES;
				CLANG_WARN_INT_CONVERSION = YES;
				CLANG_WARN_NON_LITERAL_NULL_CONVERSION = YES;
				CLANG_WARN_OBJC_IMPLICIT_RETAIN_SELF = YES;
				CLANG_WARN_OBJC_LITERAL_CONVERSION = YES;
				CLANG_WARN_OBJC_ROOT_CLASS = YES_ERROR;
				CLANG_WARN_QUOTED_INCLUDE_IN_FRAMEWORK_HEADER = YES;
				CLANG_WARN_RANGE_LOOP_ANALYSIS = YES;
				CLANG_WARN_STRICT_PROTOTYPES = YES;
				CLANG_WARN_SUSPICIOUS_MOVE = YES;
				CLANG_WARN_UNGUARDED_AVAILABILITY = YES_AGGRESSIVE;
				CLANG_WARN_UNREACHABLE_CODE = YES;
				CLANG_WARN__DUPLICATE_METHOD_MATCH = YES;
				COPY_PHASE_STRIP = NO;
				DEBUG_INFORMATION_FORMAT = dwarf;
				ENABLE_STRICT_OBJC_MSGSEND = YES;
				ENABLE_TESTABILITY = YES;
				GCC_C_LANGUAGE_STANDARD = gnu11;
				GCC_DYNAMIC_NO_PIC = NO;
				GCC_NO_COMMON_BLOCKS = YES;
				GCC_OPTIMIZATION_LEVEL = 0;
				GCC_PREPROCESSOR_DEFINITIONS = (
					"DEBUG=1",
					"$(inherited)",
				);
				GCC_WARN_64_TO_32_BIT_CONVERSION = YES;
				GCC_WARN_ABOUT_RETURN_TYPE = YES_ERROR;
				GCC_WARN_UNDECLARED_SELECTOR = YES;
				GCC_WARN_UNINITIALIZED_AUTOS = YES_AGGRESSIVE;
				GCC_WARN_UNUSED_FUNCTION = YES;
				GCC_WARN_UNUSED_VARIABLE = YES;
				IPHONEOS_DEPLOYMENT_TARGET = 15.2;
				MTL_ENABLE_DEBUG_INFO = INCLUDE_SOURCE;
				MTL_FAST_MATH = YES;
				ONLY_ACTIVE_ARCH = YES;
				SDKROOT = iphoneos;
				SWIFT_ACTIVE_COMPILATION_CONDITIONS = DEBUG;
				SWIFT_OPTIMIZATION_LEVEL = "-Onone";
			};
			name = Debug;
		};
		5BF74DD327B1E5FE00E60AA4 /* Release */ = {
			isa = XCBuildConfiguration;
			buildSettings = {
				ALWAYS_SEARCH_USER_PATHS = NO;
				CLANG_ANALYZER_NONNULL = YES;
				CLANG_ANALYZER_NUMBER_OBJECT_CONVERSION = YES_AGGRESSIVE;
				CLANG_CXX_LANGUAGE_STANDARD = "gnu++17";
				CLANG_CXX_LIBRARY = "libc++";
				CLANG_ENABLE_MODULES = YES;
				CLANG_ENABLE_OBJC_ARC = YES;
				CLANG_ENABLE_OBJC_WEAK = YES;
				CLANG_WARN_BLOCK_CAPTURE_AUTORELEASING = YES;
				CLANG_WARN_BOOL_CONVERSION = YES;
				CLANG_WARN_COMMA = YES;
				CLANG_WARN_CONSTANT_CONVERSION = YES;
				CLANG_WARN_DEPRECATED_OBJC_IMPLEMENTATIONS = YES;
				CLANG_WARN_DIRECT_OBJC_ISA_USAGE = YES_ERROR;
				CLANG_WARN_DOCUMENTATION_COMMENTS = YES;
				CLANG_WARN_EMPTY_BODY = YES;
				CLANG_WARN_ENUM_CONVERSION = YES;
				CLANG_WARN_INFINITE_RECURSION = YES;
				CLANG_WARN_INT_CONVERSION = YES;
				CLANG_WARN_NON_LITERAL_NULL_CONVERSION = YES;
				CLANG_WARN_OBJC_IMPLICIT_RETAIN_SELF = YES;
				CLANG_WARN_OBJC_LITERAL_CONVERSION = YES;
				CLANG_WARN_OBJC_ROOT_CLASS = YES_ERROR;
				CLANG_WARN_QUOTED_INCLUDE_IN_FRAMEWORK_HEADER = YES;
				CLANG_WARN_RANGE_LOOP_ANALYSIS = YES;
				CLANG_WARN_STRICT_PROTOTYPES = YES;
				CLANG_WARN_SUSPICIOUS_MOVE = YES;
				CLANG_WARN_UNGUARDED_AVAILABILITY = YES_AGGRESSIVE;
				CLANG_WARN_UNREACHABLE_CODE = YES;
				CLANG_WARN__DUPLICATE_METHOD_MATCH = YES;
				COPY_PHASE_STRIP = NO;
				DEBUG_INFORMATION_FORMAT = "dwarf-with-dsym";
				ENABLE_NS_ASSERTIONS = NO;
				ENABLE_STRICT_OBJC_MSGSEND = YES;
				GCC_C_LANGUAGE_STANDARD = gnu11;
				GCC_NO_COMMON_BLOCKS = YES;
				GCC_WARN_64_TO_32_BIT_CONVERSION = YES;
				GCC_WARN_ABOUT_RETURN_TYPE = YES_ERROR;
				GCC_WARN_UNDECLARED_SELECTOR = YES;
				GCC_WARN_UNINITIALIZED_AUTOS = YES_AGGRESSIVE;
				GCC_WARN_UNUSED_FUNCTION = YES;
				GCC_WARN_UNUSED_VARIABLE = YES;
				IPHONEOS_DEPLOYMENT_TARGET = 15.2;
				MTL_ENABLE_DEBUG_INFO = NO;
				MTL_FAST_MATH = YES;
				SDKROOT = iphoneos;
				SWIFT_COMPILATION_MODE = wholemodule;
				SWIFT_OPTIMIZATION_LEVEL = "-O";
				VALIDATE_PRODUCT = YES;
			};
			name = Release;
		};
		5BF74DD527B1E5FE00E60AA4 /* Debug */ = {
			isa = XCBuildConfiguration;
			buildSettings = {
				ASSETCATALOG_COMPILER_APPICON_NAME = AppIcon;
				ASSETCATALOG_COMPILER_GLOBAL_ACCENT_COLOR_NAME = AccentColor;
				CODE_SIGN_STYLE = Automatic;
				CURRENT_PROJECT_VERSION = 1;
				DEVELOPMENT_TEAM = WK7599VNDW;
				GENERATE_INFOPLIST_FILE = YES;
				INFOPLIST_FILE = NeneCoins/Info.plist;
				INFOPLIST_KEY_UIApplicationSupportsIndirectInputEvents = YES;
				INFOPLIST_KEY_UILaunchStoryboardName = LaunchScreen;
				INFOPLIST_KEY_UISupportedInterfaceOrientations_iPad = "UIInterfaceOrientationPortrait UIInterfaceOrientationPortraitUpsideDown UIInterfaceOrientationLandscapeLeft UIInterfaceOrientationLandscapeRight";
				INFOPLIST_KEY_UISupportedInterfaceOrientations_iPhone = "UIInterfaceOrientationPortrait UIInterfaceOrientationLandscapeLeft UIInterfaceOrientationLandscapeRight";
				LD_RUNPATH_SEARCH_PATHS = (
					"$(inherited)",
					"@executable_path/Frameworks",
				);
				MARKETING_VERSION = 1.0;
				PRODUCT_BUNDLE_IDENTIFIER = com.gbrlcm.NeneCoins;
				PRODUCT_NAME = "$(TARGET_NAME)";
				SWIFT_EMIT_LOC_STRINGS = YES;
				SWIFT_VERSION = 5.0;
				TARGETED_DEVICE_FAMILY = 1;
			};
			name = Debug;
		};
		5BF74DD627B1E5FE00E60AA4 /* Release */ = {
			isa = XCBuildConfiguration;
			buildSettings = {
				ASSETCATALOG_COMPILER_APPICON_NAME = AppIcon;
				ASSETCATALOG_COMPILER_GLOBAL_ACCENT_COLOR_NAME = AccentColor;
				CODE_SIGN_STYLE = Automatic;
				CURRENT_PROJECT_VERSION = 1;
				DEVELOPMENT_TEAM = WK7599VNDW;
				GENERATE_INFOPLIST_FILE = YES;
				INFOPLIST_FILE = NeneCoins/Info.plist;
				INFOPLIST_KEY_UIApplicationSupportsIndirectInputEvents = YES;
				INFOPLIST_KEY_UILaunchStoryboardName = LaunchScreen;
				INFOPLIST_KEY_UISupportedInterfaceOrientations_iPad = "UIInterfaceOrientationPortrait UIInterfaceOrientationPortraitUpsideDown UIInterfaceOrientationLandscapeLeft UIInterfaceOrientationLandscapeRight";
				INFOPLIST_KEY_UISupportedInterfaceOrientations_iPhone = "UIInterfaceOrientationPortrait UIInterfaceOrientationLandscapeLeft UIInterfaceOrientationLandscapeRight";
				LD_RUNPATH_SEARCH_PATHS = (
					"$(inherited)",
					"@executable_path/Frameworks",
				);
				MARKETING_VERSION = 1.0;
				PRODUCT_BUNDLE_IDENTIFIER = com.gbrlcm.NeneCoins;
				PRODUCT_NAME = "$(TARGET_NAME)";
				SWIFT_EMIT_LOC_STRINGS = YES;
				SWIFT_VERSION = 5.0;
				TARGETED_DEVICE_FAMILY = 1;
			};
			name = Release;
		};
/* End XCBuildConfiguration section */

/* Begin XCConfigurationList section */
		5BF74DBB27B1E5FC00E60AA4 /* Build configuration list for PBXProject "NeneCoins" */ = {
			isa = XCConfigurationList;
			buildConfigurations = (
				5BF74DD227B1E5FE00E60AA4 /* Debug */,
				5BF74DD327B1E5FE00E60AA4 /* Release */,
			);
			defaultConfigurationIsVisible = 0;
			defaultConfigurationName = Release;
		};
		5BF74DD427B1E5FE00E60AA4 /* Build configuration list for PBXNativeTarget "NeneCoins" */ = {
			isa = XCConfigurationList;
			buildConfigurations = (
				5BF74DD527B1E5FE00E60AA4 /* Debug */,
				5BF74DD627B1E5FE00E60AA4 /* Release */,
			);
			defaultConfigurationIsVisible = 0;
			defaultConfigurationName = Release;
		};
/* End XCConfigurationList section */
	};
	rootObject = 5BF74DB827B1E5FC00E60AA4 /* Project object */;
}
